
Microsoft Visual Studio Solution File, Format Version 12.00
# Visual Studio Version 17
VisualStudioVersion = 17.10.35013.160
MinimumVisualStudioVersion = 10.0.40219.1
Project("{FAE04EC0-301F-11D3-BF4B-00C04F79EFBC}") = "Assignment3", "Assignment3\Assignment3.csproj", "{E8FCD0EE-C435-4A15-A7D5-8646CC945D08}"
EndProject
Global
	GlobalSection(SolutionConfigurationPlatforms) = preSolution
		Debug|Any CPU = Debug|Any CPU
		Release|Any CPU = Release|Any CPU
	EndGlobalSection
	GlobalSection(ProjectConfigurationPlatforms) = postSolution
		{E8FCD0EE-C435-4A15-A7D5-8646CC945D08}.Debug|Any CPU.ActiveCfg = Debug|Any CPU
		{E8FCD0EE-C435-4A15-A7D5-8646CC945D08}.Debug|Any CPU.Build.0 = Debug|Any CPU
		{E8FCD0EE-C435-4A15-A7D5-8646CC945D08}.Release|Any CPU.ActiveCfg = Release|Any CPU
		{E8FCD0EE-C435-4A15-A7D5-8646CC945D08}.Release|Any CPU.Build.0 = Release|Any CPU
	EndGlobalSection
	GlobalSection(SolutionProperties) = preSolution
		HideSolutionNode = FALSE
	EndGlobalSection
	GlobalSection(ExtensibilityGlobals) = postSolution
		SolutionGuid = {630FA018-772A-41D0-B544-5052CFAD0AE7}
	EndGlobalSection
EndGlobal
